
Microsoft Visual Studio Solution File, Format Version 12.00
# Visual Studio Version 16
VisualStudioVersion = 16.0.32602.291
MinimumVisualStudioVersion = 10.0.40219.1
Project("{9A19103F-16F7-4668-BE54-9A1E7A4F7556}") = "Paciente.Api", "Paciente\Paciente.Api.csproj", "{93104A0D-7CB3-4533-BEEB-00D3FF9E354C}"
EndProject
Project("{9A19103F-16F7-4668-BE54-9A1E7A4F7556}") = "Paciente.Aplicacao", "Paciente.Aplicacao\Paciente.Aplicacao.csproj", "{AA8EA0D6-09A0-46AB-A015-D1D2CB39676F}"
EndProject
Project("{9A19103F-16F7-4668-BE54-9A1E7A4F7556}") = "Paciente.Dominio", "Paciente.Dominio\Paciente.Dominio.csproj", "{E7C944D5-0D4E-4927-AC85-CACE6CA50DDB}"
EndProject
Project("{9A19103F-16F7-4668-BE54-9A1E7A4F7556}") = "Paciente.Infra", "Paciente.Infra\Paciente.Infra.csproj", "{BC2BFB3E-C0CC-477A-9F24-234FEDCEE54A}"
EndProject
Global
	GlobalSection(SolutionConfigurationPlatforms) = preSolution
		Debug|Any CPU = Debug|Any CPU
		Release|Any CPU = Release|Any CPU
	EndGlobalSection
	GlobalSection(ProjectConfigurationPlatforms) = postSolution
		{93104A0D-7CB3-4533-BEEB-00D3FF9E354C}.Debug|Any CPU.ActiveCfg = Debug|Any CPU
		{93104A0D-7CB3-4533-BEEB-00D3FF9E354C}.Debug|Any CPU.Build.0 = Debug|Any CPU
		{93104A0D-7CB3-4533-BEEB-00D3FF9E354C}.Release|Any CPU.ActiveCfg = Release|Any CPU
		{93104A0D-7CB3-4533-BEEB-00D3FF9E354C}.Release|Any CPU.Build.0 = Release|Any CPU
		{AA8EA0D6-09A0-46AB-A015-D1D2CB39676F}.Debug|Any CPU.ActiveCfg = Debug|Any CPU
		{AA8EA0D6-09A0-46AB-A015-D1D2CB39676F}.Debug|Any CPU.Build.0 = Debug|Any CPU
		{AA8EA0D6-09A0-46AB-A015-D1D2CB39676F}.Release|Any CPU.ActiveCfg = Release|Any CPU
		{AA8EA0D6-09A0-46AB-A015-D1D2CB39676F}.Release|Any CPU.Build.0 = Release|Any CPU
		{E7C944D5-0D4E-4927-AC85-CACE6CA50DDB}.Debug|Any CPU.ActiveCfg = Debug|Any CPU
		{E7C944D5-0D4E-4927-AC85-CACE6CA50DDB}.Debug|Any CPU.Build.0 = Debug|Any CPU
		{E7C944D5-0D4E-4927-AC85-CACE6CA50DDB}.Release|Any CPU.ActiveCfg = Release|Any CPU
		{E7C944D5-0D4E-4927-AC85-CACE6CA50DDB}.Release|Any CPU.Build.0 = Release|Any CPU
		{BC2BFB3E-C0CC-477A-9F24-234FEDCEE54A}.Debug|Any CPU.ActiveCfg = Debug|Any CPU
		{BC2BFB3E-C0CC-477A-9F24-234FEDCEE54A}.Debug|Any CPU.Build.0 = Debug|Any CPU
		{BC2BFB3E-C0CC-477A-9F24-234FEDCEE54A}.Release|Any CPU.ActiveCfg = Release|Any CPU
		{BC2BFB3E-C0CC-477A-9F24-234FEDCEE54A}.Release|Any CPU.Build.0 = Release|Any CPU
	EndGlobalSection
	GlobalSection(SolutionProperties) = preSolution
		HideSolutionNode = FALSE
	EndGlobalSection
	GlobalSection(ExtensibilityGlobals) = postSolution
		SolutionGuid = {8C062720-FE47-4A5A-BC1D-DED03D79A16A}
	EndGlobalSection
EndGlobal
